// !$*UTF8*$!
{
	archiveVersion = 1;
	classes = {
	};
	objectVersion = 46;
	objects = {

/* Begin PBXBuildFile section */
		CF0F65CE1F0B28F4008ACD03 /* Scene1_tc.mov in Resources */ = {isa = PBXBuildFile; fileRef = CF0F65CD1F0B28F4008ACD03 /* Scene1_tc.mov */; };
		CF38B1AB1EFED366001901A0 /* testing123.mov in Resources */ = {isa = PBXBuildFile; fileRef = CF38B1AA1EFED366001901A0 /* testing123.mov */; };
		CFF8AED31F0AF0FA00AD8042 /* PhoneHangUp.png in Resources */ = {isa = PBXBuildFile; fileRef = CFF8AED21F0AF0FA00AD8042 /* PhoneHangUp.png */; };
		CFF8AED51F0AF22D00AD8042 /* UNIntro_Scene1.mov in Resources */ = {isa = PBXBuildFile; fileRef = CFF8AED41F0AF22C00AD8042 /* UNIntro_Scene1.mov */; };
		CFF8AED71F0AFEEF00AD8042 /* UNIntro_tc.mov in Resources */ = {isa = PBXBuildFile; fileRef = CFF8AED61F0AFEEF00AD8042 /* UNIntro_tc.mov */; };
		CFF8AEDA1F0B01B900AD8042 /* AVFoundation.framework in Frameworks */ = {isa = PBXBuildFile; fileRef = CFF8AED91F0B01AB00AD8042 /* AVFoundation.framework */; };
		D20EB3C21AF94FDE0059CD72 /* PlayerViewController.swift in Sources */ = {isa = PBXBuildFile; fileRef = D20EB3C11AF94FDE0059CD72 /* PlayerViewController.swift */; };
		D2385B461AF5181400DC8ADE /* AppDelegate.swift in Sources */ = {isa = PBXBuildFile; fileRef = D2385B451AF5181400DC8ADE /* AppDelegate.swift */; };
		D2385B4B1AF5181400DC8ADE /* Main.storyboard in Resources */ = {isa = PBXBuildFile; fileRef = D2385B491AF5181400DC8ADE /* Main.storyboard */; };
		D27489971B1CD4E00020D82A /* PlayerView.swift in Sources */ = {isa = PBXBuildFile; fileRef = D27489961B1CD4E00020D82A /* PlayerView.swift */; };
		D274899C1B1CD4EB0020D82A /* Localizable.strings in Resources */ = {isa = PBXBuildFile; fileRef = D27489981B1CD4EB0020D82A /* Localizable.strings */; };
/* End PBXBuildFile section */

/* Begin PBXFileReference section */
		CF0F65CD1F0B28F4008ACD03 /* Scene1_tc.mov */ = {isa = PBXFileReference; lastKnownFileType = video.quicktime; name = Scene1_tc.mov; path = ../../../Downloads/Scene1_tc.mov; sourceTree = "<group>"; };
		CF38B1AA1EFED366001901A0 /* testing123.mov */ = {isa = PBXFileReference; lastKnownFileType = video.quicktime; path = testing123.mov; sourceTree = "<group>"; };
		CFF8AED21F0AF0FA00AD8042 /* PhoneHangUp.png */ = {isa = PBXFileReference; lastKnownFileType = image.png; name = PhoneHangUp.png; path = ../../../Downloads/PhoneHangUp.png; sourceTree = "<group>"; };
		CFF8AED41F0AF22C00AD8042 /* UNIntro_Scene1.mov */ = {isa = PBXFileReference; lastKnownFileType = video.quicktime; name = UNIntro_Scene1.mov; path = ../../../Downloads/UNIntro_Scene1.mov; sourceTree = "<group>"; };
		CFF8AED61F0AFEEF00AD8042 /* UNIntro_tc.mov */ = {isa = PBXFileReference; lastKnownFileType = video.quicktime; name = UNIntro_tc.mov; path = ../../../Downloads/UNIntro_tc.mov; sourceTree = "<group>"; };
		CFF8AED91F0B01AB00AD8042 /* AVFoundation.framework */ = {isa = PBXFileReference; lastKnownFileType = wrapper.framework; name = AVFoundation.framework; path = System/Library/Frameworks/AVFoundation.framework; sourceTree = SDKROOT; };
		D20EB3C11AF94FDE0059CD72 /* PlayerViewController.swift */ = {isa = PBXFileReference; fileEncoding = 4; lastKnownFileType = sourcecode.swift; path = PlayerViewController.swift; sourceTree = "<group>"; };
		D2385B421AF5181400DC8ADE /* AVFoundationSimplePlayer-Swift.app */ = {isa = PBXFileReference; explicitFileType = wrapper.application; includeInIndex = 0; path = "AVFoundationSimplePlayer-Swift.app"; sourceTree = BUILT_PRODUCTS_DIR; };
		D2385B451AF5181400DC8ADE /* AppDelegate.swift */ = {isa = PBXFileReference; lastKnownFileType = sourcecode.swift; path = AppDelegate.swift; sourceTree = "<group>"; };
		D2385B4A1AF5181400DC8ADE /* Base */ = {isa = PBXFileReference; lastKnownFileType = file.storyboard; name = Base; path = Base.lproj/Main.storyboard; sourceTree = "<group>"; };
		D2385B511AF5181400DC8ADE /* Info.plist */ = {isa = PBXFileReference; lastKnownFileType = text.plist.xml; path = Info.plist; sourceTree = "<group>"; };
		D27489961B1CD4E00020D82A /* PlayerView.swift */ = {isa = PBXFileReference; fileEncoding = 4; lastKnownFileType = sourcecode.swift; path = PlayerView.swift; sourceTree = "<group>"; };
		D27489991B1CD4EB0020D82A /* en */ = {isa = PBXFileReference; lastKnownFileType = text.plist.strings; name = en; path = en.lproj/Localizable.strings; sourceTree = "<group>"; };
		D2CF22151B1E5E970006C864 /* README.md */ = {isa = PBXFileReference; lastKnownFileType = net.daringfireball.markdown; name = README.md; path = ../README.md; sourceTree = "<group>"; };
/* End PBXFileReference section */

/* Begin PBXFrameworksBuildPhase section */
		D2385B3F1AF5181400DC8ADE /* Frameworks */ = {
			isa = PBXFrameworksBuildPhase;
			buildActionMask = 2147483647;
			files = (
				CFF8AEDA1F0B01B900AD8042 /* AVFoundation.framework in Frameworks */,
			);
			runOnlyForDeploymentPostprocessing = 0;
		};
/* End PBXFrameworksBuildPhase section */

/* Begin PBXGroup section */
		CFF8AED81F0B01AB00AD8042 /* Frameworks */ = {
			isa = PBXGroup;
			children = (
				CFF8AED91F0B01AB00AD8042 /* AVFoundation.framework */,
			);
			name = Frameworks;
			sourceTree = "<group>";
		};
		D2010EFC1B0E8ACB00BD0BDF /* Common */ = {
			isa = PBXGroup;
			children = (
				CF0F65CD1F0B28F4008ACD03 /* Scene1_tc.mov */,
				CFF8AED61F0AFEEF00AD8042 /* UNIntro_tc.mov */,
				CFF8AED41F0AF22C00AD8042 /* UNIntro_Scene1.mov */,
				CFF8AED21F0AF0FA00AD8042 /* PhoneHangUp.png */,
				CF38B1AA1EFED366001901A0 /* testing123.mov */,
			);
			name = Common;
			sourceTree = "<group>";
		};
		D2385B391AF5181400DC8ADE = {
			isa = PBXGroup;
			children = (
				D2CF22151B1E5E970006C864 /* README.md */,
				D2385B441AF5181400DC8ADE /* AVFoundationSimplePlayer-iOS */,
				D2385B431AF5181400DC8ADE /* Products */,
				CFF8AED81F0B01AB00AD8042 /* Frameworks */,
			);
			sourceTree = "<group>";
		};
		D2385B431AF5181400DC8ADE /* Products */ = {
			isa = PBXGroup;
			children = (
				D2385B421AF5181400DC8ADE /* AVFoundationSimplePlayer-Swift.app */,
			);
			name = Products;
			sourceTree = "<group>";
		};
		D2385B441AF5181400DC8ADE /* AVFoundationSimplePlayer-iOS */ = {
			isa = PBXGroup;
			children = (
				D2385B451AF5181400DC8ADE /* AppDelegate.swift */,
				D20EB3C11AF94FDE0059CD72 /* PlayerViewController.swift */,
				D27489961B1CD4E00020D82A /* PlayerView.swift */,
				D2385B491AF5181400DC8ADE /* Main.storyboard */,
				D2385B511AF5181400DC8ADE /* Info.plist */,
				D27489981B1CD4EB0020D82A /* Localizable.strings */,
				D2010EFC1B0E8ACB00BD0BDF /* Common */,
			);
			path = "AVFoundationSimplePlayer-iOS";
			sourceTree = "<group>";
		};
/* End PBXGroup section */

/* Begin PBXNativeTarget section */
		D2385B411AF5181400DC8ADE /* AVFoundationSimplePlayer-iOS */ = {
			isa = PBXNativeTarget;
			buildConfigurationList = D2385B5F1AF5181400DC8ADE /* Build configuration list for PBXNativeTarget "AVFoundationSimplePlayer-iOS" */;
			buildPhases = (
				D2385B3E1AF5181400DC8ADE /* Sources */,
				D2385B3F1AF5181400DC8ADE /* Frameworks */,
				D2385B401AF5181400DC8ADE /* Resources */,
			);
			buildRules = (
			);
			dependencies = (
			);
			name = "AVFoundationSimplePlayer-iOS";
			productName = "AVFoundationSimplePlayer-iOS";
			productReference = D2385B421AF5181400DC8ADE /* AVFoundationSimplePlayer-Swift.app */;
			productType = "com.apple.product-type.application";
		};
/* End PBXNativeTarget section */

/* Begin PBXProject section */
		D2385B3A1AF5181400DC8ADE /* Project object */ = {
			isa = PBXProject;
			attributes = {
				LastUpgradeCheck = 0900;
				ORGANIZATIONNAME = "Apple Inc.";
				TargetAttributes = {
					D2385B411AF5181400DC8ADE = {
						CreatedOnToolsVersion = 7.0;
						DevelopmentTeam = C7H3BXZ5F7;
						LastSwiftMigration = 0900;
					};
				};
			};
			buildConfigurationList = D2385B3D1AF5181400DC8ADE /* Build configuration list for PBXProject "AVFoundationSimplePlayer-iOS" */;
			compatibilityVersion = "Xcode 3.2";
			developmentRegion = English;
			hasScannedForEncodings = 0;
			knownRegions = (
				en,
				Base,
			);
			mainGroup = D2385B391AF5181400DC8ADE;
			productRefGroup = D2385B431AF5181400DC8ADE /* Products */;
			projectDirPath = "";
			projectRoot = "";
			targets = (
				D2385B411AF5181400DC8ADE /* AVFoundationSimplePlayer-iOS */,
			);
		};
/* End PBXProject section */

/* Begin PBXResourcesBuildPhase section */
		D2385B401AF5181400DC8ADE /* Resources */ = {
			isa = PBXResourcesBuildPhase;
			buildActionMask = 2147483647;
			files = (
				CFF8AED51F0AF22D00AD8042 /* UNIntro_Scene1.mov in Resources */,
				CFF8AED71F0AFEEF00AD8042 /* UNIntro_tc.mov in Resources */,
				CF38B1AB1EFED366001901A0 /* testing123.mov in Resources */,
				D274899C1B1CD4EB0020D82A /* Localizable.strings in Resources */,
				D2385B4B1AF5181400DC8ADE /* Main.storyboard in Resources */,
				CFF8AED31F0AF0FA00AD8042 /* PhoneHangUp.png in Resources */,
				CF0F65CE1F0B28F4008ACD03 /* Scene1_tc.mov in Resources */,
			);
			runOnlyForDeploymentPostprocessing = 0;
		};
/* End PBXResourcesBuildPhase section */

/* Begin PBXSourcesBuildPhase section */
		D2385B3E1AF5181400DC8ADE /* Sources */ = {
			isa = PBXSourcesBuildPhase;
			buildActionMask = 2147483647;
			files = (
				D27489971B1CD4E00020D82A /* PlayerView.swift in Sources */,
				D2385B461AF5181400DC8ADE /* AppDelegate.swift in Sources */,
				D20EB3C21AF94FDE0059CD72 /* PlayerViewController.swift in Sources */,
			);
			runOnlyForDeploymentPostprocessing = 0;
		};
/* End PBXSourcesBuildPhase section */

/* Begin PBXVariantGroup section */
		D2385B491AF5181400DC8ADE /* Main.storyboard */ = {
			isa = PBXVariantGroup;
			children = (
				D2385B4A1AF5181400DC8ADE /* Base */,
			);
			name = Main.storyboard;
			sourceTree = "<group>";
		};
		D27489981B1CD4EB0020D82A /* Localizable.strings */ = {
			isa = PBXVariantGroup;
			children = (
				D27489991B1CD4EB0020D82A /* en */,
			);
			name = Localizable.strings;
			sourceTree = "<group>";
		};
/* End PBXVariantGroup section */

/* Begin XCBuildConfiguration section */
		D2385B5D1AF5181400DC8ADE /* Debug */ = {
			isa = XCBuildConfiguration;
			buildSettings = {
				ALWAYS_SEARCH_USER_PATHS = NO;
				CLANG_CXX_LANGUAGE_STANDARD = "gnu++0x";
				CLANG_CXX_LIBRARY = "libc++";
				CLANG_ENABLE_MODULES = YES;
				CLANG_ENABLE_OBJC_ARC = YES;
				CLANG_WARN_BLOCK_CAPTURE_AUTORELEASING = YES;
				CLANG_WARN_BOOL_CONVERSION = YES;
				CLANG_WARN_COMMA = YES;
				CLANG_WARN_CONSTANT_CONVERSION = YES;
				CLANG_WARN_DIRECT_OBJC_ISA_USAGE = YES_ERROR;
				CLANG_WARN_EMPTY_BODY = YES;
				CLANG_WARN_ENUM_CONVERSION = YES;
				CLANG_WARN_INFINITE_RECURSION = YES;
				CLANG_WARN_INT_CONVERSION = YES;
				CLANG_WARN_NON_LITERAL_NULL_CONVERSION = YES;
				CLANG_WARN_OBJC_LITERAL_CONVERSION = YES;
				CLANG_WARN_OBJC_ROOT_CLASS = YES_ERROR;
				CLANG_WARN_RANGE_LOOP_ANALYSIS = YES;
				CLANG_WARN_STRICT_PROTOTYPES = YES;
				CLANG_WARN_SUSPICIOUS_MOVE = YES;
				CLANG_WARN_UNREACHABLE_CODE = YES;
				CLANG_WARN__DUPLICATE_METHOD_MATCH = YES;
				CODE_SIGN_IDENTITY = "iPhone Developer";
				COPY_PHASE_STRIP = NO;
				DEBUG_INFORMATION_FORMAT = "dwarf-with-dsym";
				ENABLE_STRICT_OBJC_MSGSEND = YES;
				ENABLE_TESTABILITY = YES;
				GCC_C_LANGUAGE_STANDARD = gnu99;
				GCC_DYNAMIC_NO_PIC = NO;
				GCC_NO_COMMON_BLOCKS = YES;
				GCC_OPTIMIZATION_LEVEL = 0;
				GCC_PREPROCESSOR_DEFINITIONS = (
					"DEBUG=1",
					"$(inherited)",
				);
				GCC_SYMBOLS_PRIVATE_EXTERN = NO;
				GCC_WARN_64_TO_32_BIT_CONVERSION = YES;
				GCC_WARN_ABOUT_RETURN_TYPE = YES_ERROR;
				GCC_WARN_UNDECLARED_SELECTOR = YES;
				GCC_WARN_UNINITIALIZED_AUTOS = YES_AGGRESSIVE;
				GCC_WARN_UNUSED_FUNCTION = YES;
				GCC_WARN_UNUSED_VARIABLE = YES;
				IPHONEOS_DEPLOYMENT_TARGET = 9.0;
				MTL_ENABLE_DEBUG_INFO = YES;
				ONLY_ACTIVE_ARCH = YES;
				SDKROOT = iphoneos;
				SWIFT_OPTIMIZATION_LEVEL = "-Onone";
				SWIFT_SWIFT3_OBJC_INFERENCE = Off;
				TARGETED_DEVICE_FAMILY = "1,2";
			};
			name = Debug;
		};
		D2385B5E1AF5181400DC8ADE /* Release */ = {
			isa = XCBuildConfiguration;
			buildSettings = {
				ALWAYS_SEARCH_USER_PATHS = NO;
				CLANG_CXX_LANGUAGE_STANDARD = "gnu++0x";
				CLANG_CXX_LIBRARY = "libc++";
				CLANG_ENABLE_MODULES = YES;
				CLANG_ENABLE_OBJC_ARC = YES;
				CLANG_WARN_BLOCK_CAPTURE_AUTORELEASING = YES;
				CLANG_WARN_BOOL_CONVERSION = YES;
				CLANG_WARN_COMMA = YES;
				CLANG_WARN_CONSTANT_CONVERSION = YES;
				CLANG_WARN_DIRECT_OBJC_ISA_USAGE = YES_ERROR;
				CLANG_WARN_EMPTY_BODY = YES;
				CLANG_WARN_ENUM_CONVERSION = YES;
				CLANG_WARN_INFINITE_RECURSION = YES;
				CLANG_WARN_INT_CONVERSION = YES;
				CLANG_WARN_NON_LITERAL_NULL_CONVERSION = YES;
				CLANG_WARN_OBJC_LITERAL_CONVERSION = YES;
				CLANG_WARN_OBJC_ROOT_CLASS = YES_ERROR;
				CLANG_WARN_RANGE_LOOP_ANALYSIS = YES;
				CLANG_WARN_STRICT_PROTOTYPES = YES;
				CLANG_WARN_SUSPICIOUS_MOVE = YES;
				CLANG_WARN_UNREACHABLE_CODE = YES;
				CLANG_WARN__DUPLICATE_METHOD_MATCH = YES;
				CODE_SIGN_IDENTITY = "iPhone Developer";
				COPY_PHASE_STRIP = NO;
				DEBUG_INFORMATION_FORMAT = "dwarf-with-dsym";
				ENABLE_NS_ASSERTIONS = NO;
				ENABLE_STRICT_OBJC_MSGSEND = YES;
				GCC_C_LANGUAGE_STANDARD = gnu99;
				GCC_NO_COMMON_BLOCKS = YES;
				GCC_WARN_64_TO_32_BIT_CONVERSION = YES;
				GCC_WARN_ABOUT_RETURN_TYPE = YES_ERROR;
				GCC_WARN_UNDECLARED_SELECTOR = YES;
				GCC_WARN_UNINITIALIZED_AUTOS = YES_AGGRESSIVE;
				GCC_WARN_UNUSED_FUNCTION = YES;
				GCC_WARN_UNUSED_VARIABLE = YES;
				IPHONEOS_DEPLOYMENT_TARGET = 9.0;
				MTL_ENABLE_DEBUG_INFO = NO;
				SDKROOT = iphoneos;
				SWIFT_SWIFT3_OBJC_INFERENCE = Off;
				TARGETED_DEVICE_FAMILY = "1,2";
				VALIDATE_PRODUCT = YES;
			};
			name = Release;
		};
		D2385B601AF5181400DC8ADE /* Debug */ = {
			isa = XCBuildConfiguration;
			buildSettings = {
				ASSETCATALOG_COMPILER_APPICON_NAME = AppIcon;
				CODE_SIGN_IDENTITY = "iPhone Developer";
				DEVELOPMENT_TEAM = C7H3BXZ5F7;
				INFOPLIST_FILE = "AVFoundationSimplePlayer-iOS/Info.plist";
				LD_RUNPATH_SEARCH_PATHS = "$(inherited) @executable_path/Frameworks";
				PRODUCT_BUNDLE_IDENTIFIER = com.complicity.swiftdemo007;
				PRODUCT_NAME = "AVFoundationSimplePlayer-Swift";
				PROVISIONING_PROFILE = "";
				SWIFT_SWIFT3_OBJC_INFERENCE = Off;
				SWIFT_VERSION = 4.0;
			};
			name = Debug;
		};
		D2385B611AF5181400DC8ADE /* Release */ = {
			isa = XCBuildConfiguration;
			buildSettings = {
				ASSETCATALOG_COMPILER_APPICON_NAME = AppIcon;
				CODE_SIGN_IDENTITY = "iPhone Developer";
				DEVELOPMENT_TEAM = C7H3BXZ5F7;
				INFOPLIST_FILE = "AVFoundationSimplePlayer-iOS/Info.plist";
				LD_RUNPATH_SEARCH_PATHS = "$(inherited) @executable_path/Frameworks";
				PRODUCT_BUNDLE_IDENTIFIER = com.complicity.swiftdemo007;
				PRODUCT_NAME = "AVFoundationSimplePlayer-Swift";
				PROVISIONING_PROFILE = "";
				SWIFT_OPTIMIZATION_LEVEL = "-Owholemodule";
				SWIFT_SWIFT3_OBJC_INFERENCE = Off;
				SWIFT_VERSION = 4.0;
			};
			name = Release;
		};
/* End XCBuildConfiguration section */

/* Begin XCConfigurationList section */
		D2385B3D1AF5181400DC8ADE /* Build configuration list for PBXProject "AVFoundationSimplePlayer-iOS" */ = {
			isa = XCConfigurationList;
			buildConfigurations = (
				D2385B5D1AF5181400DC8ADE /* Debug */,
				D2385B5E1AF5181400DC8ADE /* Release */,
			);
			defaultConfigurationIsVisible = 0;
			defaultConfigurationName = Release;
		};
		D2385B5F1AF5181400DC8ADE /* Build configuration list for PBXNativeTarget "AVFoundationSimplePlayer-iOS" */ = {
			isa = XCConfigurationList;
			buildConfigurations = (
				D2385B601AF5181400DC8ADE /* Debug */,
				D2385B611AF5181400DC8ADE /* Release */,
			);
			defaultConfigurationIsVisible = 0;
			defaultConfigurationName = Release;
		};
/* End XCConfigurationList section */
	};
	rootObject = D2385B3A1AF5181400DC8ADE /* Project object */;
}
